
Microsoft Visual Studio Solution File, Format Version 12.00
# Visual Studio Version 16
VisualStudioVersion = 16.0.30320.27
MinimumVisualStudioVersion = 10.0.40219.1
Project("{9A19103F-16F7-4668-BE54-9A1E7A4F7556}") = "InlineCalcWithBrackets", "InlineCalcWithBrackets\InlineCalcWithBrackets.csproj", "{F03102DB-0826-4652-BA90-6E9969975E29}"
EndProject
Project("{FAE04EC0-301F-11D3-BF4B-00C04F79EFBC}") = "InlineCalc.Tests", "InlineCalc.Tests\InlineCalc.Tests.csproj", "{0A409C58-83B0-429D-9E2B-52E4867C7717}"
EndProject
Global
	GlobalSection(SolutionConfigurationPlatforms) = preSolution
		Debug|Any CPU = Debug|Any CPU
		Release|Any CPU = Release|Any CPU
	EndGlobalSection
	GlobalSection(ProjectConfigurationPlatforms) = postSolution
		{F03102DB-0826-4652-BA90-6E9969975E29}.Debug|Any CPU.ActiveCfg = Debug|Any CPU
		{F03102DB-0826-4652-BA90-6E9969975E29}.Debug|Any CPU.Build.0 = Debug|Any CPU
		{F03102DB-0826-4652-BA90-6E9969975E29}.Release|Any CPU.ActiveCfg = Release|Any CPU
		{F03102DB-0826-4652-BA90-6E9969975E29}.Release|Any CPU.Build.0 = Release|Any CPU
		{0A409C58-83B0-429D-9E2B-52E4867C7717}.Debug|Any CPU.ActiveCfg = Debug|Any CPU
		{0A409C58-83B0-429D-9E2B-52E4867C7717}.Debug|Any CPU.Build.0 = Debug|Any CPU
		{0A409C58-83B0-429D-9E2B-52E4867C7717}.Release|Any CPU.ActiveCfg = Release|Any CPU
		{0A409C58-83B0-429D-9E2B-52E4867C7717}.Release|Any CPU.Build.0 = Release|Any CPU
	EndGlobalSection
	GlobalSection(SolutionProperties) = preSolution
		HideSolutionNode = FALSE
	EndGlobalSection
	GlobalSection(ExtensibilityGlobals) = postSolution
		SolutionGuid = {51DCFA27-5FBE-4B4C-A69C-AE17E0667B90}
	EndGlobalSection
EndGlobal
